// !$*UTF8*$!
{
	archiveVersion = 1;
	classes = {
	};
	objectVersion = 56;
	objects = {

/* Begin PBXBuildFile section */
		FA80059B2B8A2E0E003A1BDC /* NewsApp.swift in Sources */ = {isa = PBXBuildFile; fileRef = FA80059A2B8A2E0E003A1BDC /* NewsApp.swift */; };
		FA80059D2B8A2E0E003A1BDC /* ContentView.swift in Sources */ = {isa = PBXBuildFile; fileRef = FA80059C2B8A2E0E003A1BDC /* ContentView.swift */; };
		FA80059F2B8A2E0F003A1BDC /* Assets.xcassets in Resources */ = {isa = PBXBuildFile; fileRef = FA80059E2B8A2E0F003A1BDC /* Assets.xcassets */; };
		FA8005A22B8A2E0F003A1BDC /* Preview Assets.xcassets in Resources */ = {isa = PBXBuildFile; fileRef = FA8005A12B8A2E0F003A1BDC /* Preview Assets.xcassets */; };
		FA8005AC2B8A2E0F003A1BDC /* NewsTests.swift in Sources */ = {isa = PBXBuildFile; fileRef = FA8005AB2B8A2E0F003A1BDC /* NewsTests.swift */; };
		FA8005B62B8A2E10003A1BDC /* NewsUITests.swift in Sources */ = {isa = PBXBuildFile; fileRef = FA8005B52B8A2E10003A1BDC /* NewsUITests.swift */; };
		FA8005B82B8A2E10003A1BDC /* NewsUITestsLaunchTests.swift in Sources */ = {isa = PBXBuildFile; fileRef = FA8005B72B8A2E10003A1BDC /* NewsUITestsLaunchTests.swift */; };
		FA8005C62B8A2E2E003A1BDC /* NetworkManager.swift in Sources */ = {isa = PBXBuildFile; fileRef = FA8005C52B8A2E2E003A1BDC /* NetworkManager.swift */; };
		FA8005C82B8A2E3C003A1BDC /* JsonHelper.swift in Sources */ = {isa = PBXBuildFile; fileRef = FA8005C72B8A2E3C003A1BDC /* JsonHelper.swift */; };
		FA8005CB2B8A34E1003A1BDC /* DetailView.swift in Sources */ = {isa = PBXBuildFile; fileRef = FA8005CA2B8A34E1003A1BDC /* DetailView.swift */; };
		FA8005CF2B8A3B2D003A1BDC /* WebView.swift in Sources */ = {isa = PBXBuildFile; fileRef = FA8005CE2B8A3B2D003A1BDC /* WebView.swift */; };
		FA8005D22B8A4112003A1BDC /* LaunchScreen.storyboard in Resources */ = {isa = PBXBuildFile; fileRef = FA8005D12B8A4112003A1BDC /* LaunchScreen.storyboard */; };
/* End PBXBuildFile section */

/* Begin PBXContainerItemProxy section */
		FA8005A82B8A2E0F003A1BDC /* PBXContainerItemProxy */ = {
			isa = PBXContainerItemProxy;
			containerPortal = FA80058F2B8A2E0E003A1BDC /* Project object */;
			proxyType = 1;
			remoteGlobalIDString = FA8005962B8A2E0E003A1BDC;
			remoteInfo = News;
		};
		FA8005B22B8A2E10003A1BDC /* PBXContainerItemProxy */ = {
			isa = PBXContainerItemProxy;
			containerPortal = FA80058F2B8A2E0E003A1BDC /* Project object */;
			proxyType = 1;
			remoteGlobalIDString = FA8005962B8A2E0E003A1BDC;
			remoteInfo = News;
		};
/* End PBXContainerItemProxy section */

/* Begin PBXFileReference section */
		FA8005972B8A2E0E003A1BDC /* News.app */ = {isa = PBXFileReference; explicitFileType = wrapper.application; includeInIndex = 0; path = News.app; sourceTree = BUILT_PRODUCTS_DIR; };
		FA80059A2B8A2E0E003A1BDC /* NewsApp.swift */ = {isa = PBXFileReference; lastKnownFileType = sourcecode.swift; path = NewsApp.swift; sourceTree = "<group>"; };
		FA80059C2B8A2E0E003A1BDC /* ContentView.swift */ = {isa = PBXFileReference; lastKnownFileType = sourcecode.swift; path = ContentView.swift; sourceTree = "<group>"; };
		FA80059E2B8A2E0F003A1BDC /* Assets.xcassets */ = {isa = PBXFileReference; lastKnownFileType = folder.assetcatalog; path = Assets.xcassets; sourceTree = "<group>"; };
		FA8005A12B8A2E0F003A1BDC /* Preview Assets.xcassets */ = {isa = PBXFileReference; lastKnownFileType = folder.assetcatalog; path = "Preview Assets.xcassets"; sourceTree = "<group>"; };
		FA8005A72B8A2E0F003A1BDC /* NewsTests.xctest */ = {isa = PBXFileReference; explicitFileType = wrapper.cfbundle; includeInIndex = 0; path = NewsTests.xctest; sourceTree = BUILT_PRODUCTS_DIR; };
		FA8005AB2B8A2E0F003A1BDC /* NewsTests.swift */ = {isa = PBXFileReference; lastKnownFileType = sourcecode.swift; path = NewsTests.swift; sourceTree = "<group>"; };
		FA8005B12B8A2E10003A1BDC /* NewsUITests.xctest */ = {isa = PBXFileReference; explicitFileType = wrapper.cfbundle; includeInIndex = 0; path = NewsUITests.xctest; sourceTree = BUILT_PRODUCTS_DIR; };
		FA8005B52B8A2E10003A1BDC /* NewsUITests.swift */ = {isa = PBXFileReference; lastKnownFileType = sourcecode.swift; path = NewsUITests.swift; sourceTree = "<group>"; };
		FA8005B72B8A2E10003A1BDC /* NewsUITestsLaunchTests.swift */ = {isa = PBXFileReference; lastKnownFileType = sourcecode.swift; path = NewsUITestsLaunchTests.swift; sourceTree = "<group>"; };
		FA8005C52B8A2E2E003A1BDC /* NetworkManager.swift */ = {isa = PBXFileReference; lastKnownFileType = sourcecode.swift; path = NetworkManager.swift; sourceTree = "<group>"; };
		FA8005C72B8A2E3C003A1BDC /* JsonHelper.swift */ = {isa = PBXFileReference; lastKnownFileType = sourcecode.swift; path = JsonHelper.swift; sourceTree = "<group>"; };
		FA8005CA2B8A34E1003A1BDC /* DetailView.swift */ = {isa = PBXFileReference; lastKnownFileType = sourcecode.swift; path = DetailView.swift; sourceTree = "<group>"; };
		FA8005CE2B8A3B2D003A1BDC /* WebView.swift */ = {isa = PBXFileReference; lastKnownFileType = sourcecode.swift; path = WebView.swift; sourceTree = "<group>"; };
		FA8005D02B8A40E1003A1BDC /* Info.plist */ = {isa = PBXFileReference; lastKnownFileType = text.plist; path = Info.plist; sourceTree = "<group>"; };
		FA8005D12B8A4112003A1BDC /* LaunchScreen.storyboard */ = {isa = PBXFileReference; lastKnownFileType = file.storyboard; path = LaunchScreen.storyboard; sourceTree = "<group>"; };
/* End PBXFileReference section */

/* Begin PBXFrameworksBuildPhase section */
		FA8005942B8A2E0E003A1BDC /* Frameworks */ = {
			isa = PBXFrameworksBuildPhase;
			buildActionMask = 2147483647;
			files = (
			);
			runOnlyForDeploymentPostprocessing = 0;
		};
		FA8005A42B8A2E0F003A1BDC /* Frameworks */ = {
			isa = PBXFrameworksBuildPhase;
			buildActionMask = 2147483647;
			files = (
			);
			runOnlyForDeploymentPostprocessing = 0;
		};
		FA8005AE2B8A2E10003A1BDC /* Frameworks */ = {
			isa = PBXFrameworksBuildPhase;
			buildActionMask = 2147483647;
			files = (
			);
			runOnlyForDeploymentPostprocessing = 0;
		};
/* End PBXFrameworksBuildPhase section */

/* Begin PBXGroup section */
		FA80058E2B8A2E0E003A1BDC = {
			isa = PBXGroup;
			children = (
				FA8005992B8A2E0E003A1BDC /* News */,
				FA8005AA2B8A2E0F003A1BDC /* NewsTests */,
				FA8005B42B8A2E10003A1BDC /* NewsUITests */,
				FA8005982B8A2E0E003A1BDC /* Products */,
			);
			sourceTree = "<group>";
		};
		FA8005982B8A2E0E003A1BDC /* Products */ = {
			isa = PBXGroup;
			children = (
				FA8005972B8A2E0E003A1BDC /* News.app */,
				FA8005A72B8A2E0F003A1BDC /* NewsTests.xctest */,
				FA8005B12B8A2E10003A1BDC /* NewsUITests.xctest */,
			);
			name = Products;
			sourceTree = "<group>";
		};
		FA8005992B8A2E0E003A1BDC /* News */ = {
			isa = PBXGroup;
			children = (
				FA8005D02B8A40E1003A1BDC /* Info.plist */,
				FA8005C42B8A2E16003A1BDC /* Models */,
				FA80059A2B8A2E0E003A1BDC /* NewsApp.swift */,
				FA8005C92B8A34D2003A1BDC /* Views */,
				FA80059E2B8A2E0F003A1BDC /* Assets.xcassets */,
				FA8005A02B8A2E0F003A1BDC /* Preview Content */,
			);
			path = News;
			sourceTree = "<group>";
		};
		FA8005A02B8A2E0F003A1BDC /* Preview Content */ = {
			isa = PBXGroup;
			children = (
				FA8005A12B8A2E0F003A1BDC /* Preview Assets.xcassets */,
			);
			path = "Preview Content";
			sourceTree = "<group>";
		};
		FA8005AA2B8A2E0F003A1BDC /* NewsTests */ = {
			isa = PBXGroup;
			children = (
				FA8005AB2B8A2E0F003A1BDC /* NewsTests.swift */,
			);
			path = NewsTests;
			sourceTree = "<group>";
		};
		FA8005B42B8A2E10003A1BDC /* NewsUITests */ = {
			isa = PBXGroup;
			children = (
				FA8005B52B8A2E10003A1BDC /* NewsUITests.swift */,
				FA8005B72B8A2E10003A1BDC /* NewsUITestsLaunchTests.swift */,
			);
			path = NewsUITests;
			sourceTree = "<group>";
		};
		FA8005C42B8A2E16003A1BDC /* Models */ = {
			isa = PBXGroup;
			children = (
				FA8005C52B8A2E2E003A1BDC /* NetworkManager.swift */,
				FA8005C72B8A2E3C003A1BDC /* JsonHelper.swift */,
			);
			name = Models;
			sourceTree = "<group>";
		};
		FA8005C92B8A34D2003A1BDC /* Views */ = {
			isa = PBXGroup;
			children = (
				FA80059C2B8A2E0E003A1BDC /* ContentView.swift */,
				FA8005CA2B8A34E1003A1BDC /* DetailView.swift */,
				FA8005CE2B8A3B2D003A1BDC /* WebView.swift */,
				FA8005D12B8A4112003A1BDC /* LaunchScreen.storyboard */,
			);
			path = Views;
			sourceTree = "<group>";
		};
/* End PBXGroup section */

/* Begin PBXNativeTarget section */
		FA8005962B8A2E0E003A1BDC /* News */ = {
			isa = PBXNativeTarget;
			buildConfigurationList = FA8005BB2B8A2E10003A1BDC /* Build configuration list for PBXNativeTarget "News" */;
			buildPhases = (
				FA8005932B8A2E0E003A1BDC /* Sources */,
				FA8005942B8A2E0E003A1BDC /* Frameworks */,
				FA8005952B8A2E0E003A1BDC /* Resources */,
			);
			buildRules = (
			);
			dependencies = (
			);
			name = News;
			productName = News;
			productReference = FA8005972B8A2E0E003A1BDC /* News.app */;
			productType = "com.apple.product-type.application";
		};
		FA8005A62B8A2E0F003A1BDC /* NewsTests */ = {
			isa = PBXNativeTarget;
			buildConfigurationList = FA8005BE2B8A2E10003A1BDC /* Build configuration list for PBXNativeTarget "NewsTests" */;
			buildPhases = (
				FA8005A32B8A2E0F003A1BDC /* Sources */,
				FA8005A42B8A2E0F003A1BDC /* Frameworks */,
				FA8005A52B8A2E0F003A1BDC /* Resources */,
			);
			buildRules = (
			);
			dependencies = (
				FA8005A92B8A2E0F003A1BDC /* PBXTargetDependency */,
			);
			name = NewsTests;
			productName = NewsTests;
			productReference = FA8005A72B8A2E0F003A1BDC /* NewsTests.xctest */;
			productType = "com.apple.product-type.bundle.unit-test";
		};
		FA8005B02B8A2E10003A1BDC /* NewsUITests */ = {
			isa = PBXNativeTarget;
			buildConfigurationList = FA8005C12B8A2E10003A1BDC /* Build configuration list for PBXNativeTarget "NewsUITests" */;
			buildPhases = (
				FA8005AD2B8A2E10003A1BDC /* Sources */,
				FA8005AE2B8A2E10003A1BDC /* Frameworks */,
				FA8005AF2B8A2E10003A1BDC /* Resources */,
			);
			buildRules = (
			);
			dependencies = (
				FA8005B32B8A2E10003A1BDC /* PBXTargetDependency */,
			);
			name = NewsUITests;
			productName = NewsUITests;
			productReference = FA8005B12B8A2E10003A1BDC /* NewsUITests.xctest */;
			productType = "com.apple.product-type.bundle.ui-testing";
		};
/* End PBXNativeTarget section */

/* Begin PBXProject section */
		FA80058F2B8A2E0E003A1BDC /* Project object */ = {
			isa = PBXProject;
			attributes = {
				BuildIndependentTargetsInParallel = 1;
				LastSwiftUpdateCheck = 1500;
				LastUpgradeCheck = 1500;
				TargetAttributes = {
					FA8005962B8A2E0E003A1BDC = {
						CreatedOnToolsVersion = 15.0;
					};
					FA8005A62B8A2E0F003A1BDC = {
						CreatedOnToolsVersion = 15.0;
						TestTargetID = FA8005962B8A2E0E003A1BDC;
					};
					FA8005B02B8A2E10003A1BDC = {
						CreatedOnToolsVersion = 15.0;
						TestTargetID = FA8005962B8A2E0E003A1BDC;
					};
				};
			};
			buildConfigurationList = FA8005922B8A2E0E003A1BDC /* Build configuration list for PBXProject "News" */;
			compatibilityVersion = "Xcode 14.0";
			developmentRegion = en;
			hasScannedForEncodings = 0;
			knownRegions = (
				en,
				Base,
			);
			mainGroup = FA80058E2B8A2E0E003A1BDC;
			productRefGroup = FA8005982B8A2E0E003A1BDC /* Products */;
			projectDirPath = "";
			projectRoot = "";
			targets = (
				FA8005962B8A2E0E003A1BDC /* News */,
				FA8005A62B8A2E0F003A1BDC /* NewsTests */,
				FA8005B02B8A2E10003A1BDC /* NewsUITests */,
			);
		};
/* End PBXProject section */

/* Begin PBXResourcesBuildPhase section */
		FA8005952B8A2E0E003A1BDC /* Resources */ = {
			isa = PBXResourcesBuildPhase;
			buildActionMask = 2147483647;
			files = (
				FA8005D22B8A4112003A1BDC /* LaunchScreen.storyboard in Resources */,
				FA8005A22B8A2E0F003A1BDC /* Preview Assets.xcassets in Resources */,
				FA80059F2B8A2E0F003A1BDC /* Assets.xcassets in Resources */,
			);
			runOnlyForDeploymentPostprocessing = 0;
		};
		FA8005A52B8A2E0F003A1BDC /* Resources */ = {
			isa = PBXResourcesBuildPhase;
			buildActionMask = 2147483647;
			files = (
			);
			runOnlyForDeploymentPostprocessing = 0;
		};
		FA8005AF2B8A2E10003A1BDC /* Resources */ = {
			isa = PBXResourcesBuildPhase;
			buildActionMask = 2147483647;
			files = (
			);
			runOnlyForDeploymentPostprocessing = 0;
		};
/* End PBXResourcesBuildPhase section */

/* Begin PBXSourcesBuildPhase section */
		FA8005932B8A2E0E003A1BDC /* Sources */ = {
			isa = PBXSourcesBuildPhase;
			buildActionMask = 2147483647;
			files = (
				FA8005C62B8A2E2E003A1BDC /* NetworkManager.swift in Sources */,
				FA8005C82B8A2E3C003A1BDC /* JsonHelper.swift in Sources */,
				FA80059D2B8A2E0E003A1BDC /* ContentView.swift in Sources */,
				FA8005CF2B8A3B2D003A1BDC /* WebView.swift in Sources */,
				FA8005CB2B8A34E1003A1BDC /* DetailView.swift in Sources */,
				FA80059B2B8A2E0E003A1BDC /* NewsApp.swift in Sources */,
			);
			runOnlyForDeploymentPostprocessing = 0;
		};
		FA8005A32B8A2E0F003A1BDC /* Sources */ = {
			isa = PBXSourcesBuildPhase;
			buildActionMask = 2147483647;
			files = (
				FA8005AC2B8A2E0F003A1BDC /* NewsTests.swift in Sources */,
			);
			runOnlyForDeploymentPostprocessing = 0;
		};
		FA8005AD2B8A2E10003A1BDC /* Sources */ = {
			isa = PBXSourcesBuildPhase;
			buildActionMask = 2147483647;
			files = (
				FA8005B62B8A2E10003A1BDC /* NewsUITests.swift in Sources */,
				FA8005B82B8A2E10003A1BDC /* NewsUITestsLaunchTests.swift in Sources */,
			);
			runOnlyForDeploymentPostprocessing = 0;
		};
/* End PBXSourcesBuildPhase section */

/* Begin PBXTargetDependency section */
		FA8005A92B8A2E0F003A1BDC /* PBXTargetDependency */ = {
			isa = PBXTargetDependency;
			target = FA8005962B8A2E0E003A1BDC /* News */;
			targetProxy = FA8005A82B8A2E0F003A1BDC /* PBXContainerItemProxy */;
		};
		FA8005B32B8A2E10003A1BDC /* PBXTargetDependency */ = {
			isa = PBXTargetDependency;
			target = FA8005962B8A2E0E003A1BDC /* News */;
			targetProxy = FA8005B22B8A2E10003A1BDC /* PBXContainerItemProxy */;
		};
/* End PBXTargetDependency section */

/* Begin XCBuildConfiguration section */
		FA8005B92B8A2E10003A1BDC /* Debug */ = {
			isa = XCBuildConfiguration;
			buildSettings = {
				ALWAYS_SEARCH_USER_PATHS = NO;
				ASSETCATALOG_COMPILER_GENERATE_SWIFT_ASSET_SYMBOL_EXTENSIONS = YES;
				CLANG_ANALYZER_NONNULL = YES;
				CLANG_ANALYZER_NUMBER_OBJECT_CONVERSION = YES_AGGRESSIVE;
				CLANG_CXX_LANGUAGE_STANDARD = "gnu++20";
				CLANG_ENABLE_MODULES = YES;
				CLANG_ENABLE_OBJC_ARC = YES;
				CLANG_ENABLE_OBJC_WEAK = YES;
				CLANG_WARN_BLOCK_CAPTURE_AUTORELEASING = YES;
				CLANG_WARN_BOOL_CONVERSION = YES;
				CLANG_WARN_COMMA = YES;
				CLANG_WARN_CONSTANT_CONVERSION = YES;
				CLANG_WARN_DEPRECATED_OBJC_IMPLEMENTATIONS = YES;
				CLANG_WARN_DIRECT_OBJC_ISA_USAGE = YES_ERROR;
				CLANG_WARN_DOCUMENTATION_COMMENTS = YES;
				CLANG_WARN_EMPTY_BODY = YES;
				CLANG_WARN_ENUM_CONVERSION = YES;
				CLANG_WARN_INFINITE_RECURSION = YES;
				CLANG_WARN_INT_CONVERSION = YES;
				CLANG_WARN_NON_LITERAL_NULL_CONVERSION = YES;
				CLANG_WARN_OBJC_IMPLICIT_RETAIN_SELF = YES;
				CLANG_WARN_OBJC_LITERAL_CONVERSION = YES;
				CLANG_WARN_OBJC_ROOT_CLASS = YES_ERROR;
				CLANG_WARN_QUOTED_INCLUDE_IN_FRAMEWORK_HEADER = YES;
				CLANG_WARN_RANGE_LOOP_ANALYSIS = YES;
				CLANG_WARN_STRICT_PROTOTYPES = YES;
				CLANG_WARN_SUSPICIOUS_MOVE = YES;
				CLANG_WARN_UNGUARDED_AVAILABILITY = YES_AGGRESSIVE;
				CLANG_WARN_UNREACHABLE_CODE = YES;
				CLANG_WARN__DUPLICATE_METHOD_MATCH = YES;
				COPY_PHASE_STRIP = NO;
				DEBUG_INFORMATION_FORMAT = dwarf;
				ENABLE_STRICT_OBJC_MSGSEND = YES;
				ENABLE_TESTABILITY = YES;
				ENABLE_USER_SCRIPT_SANDBOXING = YES;
				GCC_C_LANGUAGE_STANDARD = gnu17;
				GCC_DYNAMIC_NO_PIC = NO;
				GCC_NO_COMMON_BLOCKS = YES;
				GCC_OPTIMIZATION_LEVEL = 0;
				GCC_PREPROCESSOR_DEFINITIONS = (
					"DEBUG=1",
					"$(inherited)",
				);
				GCC_WARN_64_TO_32_BIT_CONVERSION = YES;
				GCC_WARN_ABOUT_RETURN_TYPE = YES_ERROR;
				GCC_WARN_UNDECLARED_SELECTOR = YES;
				GCC_WARN_UNINITIALIZED_AUTOS = YES_AGGRESSIVE;
				GCC_WARN_UNUSED_FUNCTION = YES;
				GCC_WARN_UNUSED_VARIABLE = YES;
				IPHONEOS_DEPLOYMENT_TARGET = 17.0;
				LOCALIZATION_PREFERS_STRING_CATALOGS = YES;
				MTL_ENABLE_DEBUG_INFO = INCLUDE_SOURCE;
				MTL_FAST_MATH = YES;
				ONLY_ACTIVE_ARCH = YES;
				SDKROOT = iphoneos;
				SWIFT_ACTIVE_COMPILATION_CONDITIONS = "DEBUG $(inherited)";
				SWIFT_OPTIMIZATION_LEVEL = "-Onone";
			};
			name = Debug;
		};
		FA8005BA2B8A2E10003A1BDC /* Release */ = {
			isa = XCBuildConfiguration;
			buildSettings = {
				ALWAYS_SEARCH_USER_PATHS = NO;
				ASSETCATALOG_COMPILER_GENERATE_SWIFT_ASSET_SYMBOL_EXTENSIONS = YES;
				CLANG_ANALYZER_NONNULL = YES;
				CLANG_ANALYZER_NUMBER_OBJECT_CONVERSION = YES_AGGRESSIVE;
				CLANG_CXX_LANGUAGE_STANDARD = "gnu++20";
				CLANG_ENABLE_MODULES = YES;
				CLANG_ENABLE_OBJC_ARC = YES;
				CLANG_ENABLE_OBJC_WEAK = YES;
				CLANG_WARN_BLOCK_CAPTURE_AUTORELEASING = YES;
				CLANG_WARN_BOOL_CONVERSION = YES;
				CLANG_WARN_COMMA = YES;
				CLANG_WARN_CONSTANT_CONVERSION = YES;
				CLANG_WARN_DEPRECATED_OBJC_IMPLEMENTATIONS = YES;
				CLANG_WARN_DIRECT_OBJC_ISA_USAGE = YES_ERROR;
				CLANG_WARN_DOCUMENTATION_COMMENTS = YES;
				CLANG_WARN_EMPTY_BODY = YES;
				CLANG_WARN_ENUM_CONVERSION = YES;
				CLANG_WARN_INFINITE_RECURSION = YES;
				CLANG_WARN_INT_CONVERSION = YES;
				CLANG_WARN_NON_LITERAL_NULL_CONVERSION = YES;
				CLANG_WARN_OBJC_IMPLICIT_RETAIN_SELF = YES;
				CLANG_WARN_OBJC_LITERAL_CONVERSION = YES;
				CLANG_WARN_OBJC_ROOT_CLASS = YES_ERROR;
				CLANG_WARN_QUOTED_INCLUDE_IN_FRAMEWORK_HEADER = YES;
				CLANG_WARN_RANGE_LOOP_ANALYSIS = YES;
				CLANG_WARN_STRICT_PROTOTYPES = YES;
				CLANG_WARN_SUSPICIOUS_MOVE = YES;
				CLANG_WARN_UNGUARDED_AVAILABILITY = YES_AGGRESSIVE;
				CLANG_WARN_UNREACHABLE_CODE = YES;
				CLANG_WARN__DUPLICATE_METHOD_MATCH = YES;
				COPY_PHASE_STRIP = NO;
				DEBUG_INFORMATION_FORMAT = "dwarf-with-dsym";
				ENABLE_NS_ASSERTIONS = NO;
				ENABLE_STRICT_OBJC_MSGSEND = YES;
				ENABLE_USER_SCRIPT_SANDBOXING = YES;
				GCC_C_LANGUAGE_STANDARD = gnu17;
				GCC_NO_COMMON_BLOCKS = YES;
				GCC_WARN_64_TO_32_BIT_CONVERSION = YES;
				GCC_WARN_ABOUT_RETURN_TYPE = YES_ERROR;
				GCC_WARN_UNDECLARED_SELECTOR = YES;
				GCC_WARN_UNINITIALIZED_AUTOS = YES_AGGRESSIVE;
				GCC_WARN_UNUSED_FUNCTION = YES;
				GCC_WARN_UNUSED_VARIABLE = YES;
				IPHONEOS_DEPLOYMENT_TARGET = 17.0;
				LOCALIZATION_PREFERS_STRING_CATALOGS = YES;
				MTL_ENABLE_DEBUG_INFO = NO;
				MTL_FAST_MATH = YES;
				SDKROOT = iphoneos;
				SWIFT_COMPILATION_MODE = wholemodule;
				VALIDATE_PRODUCT = YES;
			};
			name = Release;
		};
		FA8005BC2B8A2E10003A1BDC /* Debug */ = {
			isa = XCBuildConfiguration;
			buildSettings = {
				ASSETCATALOG_COMPILER_APPICON_NAME = AppIcon;
				ASSETCATALOG_COMPILER_GLOBAL_ACCENT_COLOR_NAME = AccentColor;
				CODE_SIGN_STYLE = Automatic;
				CURRENT_PROJECT_VERSION = 1;
				DEVELOPMENT_ASSET_PATHS = "\"News/Preview Content\"";
				DEVELOPMENT_TEAM = P8C3928J3Z;
				ENABLE_PREVIEWS = YES;
				GENERATE_INFOPLIST_FILE = YES;
				INFOPLIST_FILE = News/Info.plist;
				INFOPLIST_KEY_UIApplicationSceneManifest_Generation = YES;
				INFOPLIST_KEY_UIApplicationSupportsIndirectInputEvents = YES;
				INFOPLIST_KEY_UILaunchScreen_Generation = YES;
				INFOPLIST_KEY_UISupportedInterfaceOrientations_iPad = "UIInterfaceOrientationPortrait UIInterfaceOrientationPortraitUpsideDown UIInterfaceOrientationLandscapeLeft UIInterfaceOrientationLandscapeRight";
				INFOPLIST_KEY_UISupportedInterfaceOrientations_iPhone = "UIInterfaceOrientationPortrait UIInterfaceOrientationLandscapeLeft UIInterfaceOrientationLandscapeRight";
				LD_RUNPATH_SEARCH_PATHS = (
					"$(inherited)",
					"@executable_path/Frameworks",
				);
				MARKETING_VERSION = 1.0;
				PRODUCT_BUNDLE_IDENTIFIER = com.bayindir.News;
				PRODUCT_NAME = "$(TARGET_NAME)";
				SWIFT_EMIT_LOC_STRINGS = YES;
				SWIFT_VERSION = 5.0;
				TARGETED_DEVICE_FAMILY = "1,2";
			};
			name = Debug;
		};
		FA8005BD2B8A2E10003A1BDC /* Release */ = {
			isa = XCBuildConfiguration;
			buildSettings = {
				ASSETCATALOG_COMPILER_APPICON_NAME = AppIcon;
				ASSETCATALOG_COMPILER_GLOBAL_ACCENT_COLOR_NAME = AccentColor;
				CODE_SIGN_STYLE = Automatic;
				CURRENT_PROJECT_VERSION = 1;
				DEVELOPMENT_ASSET_PATHS = "\"News/Preview Content\"";
				DEVELOPMENT_TEAM = P8C3928J3Z;
				ENABLE_PREVIEWS = YES;
				GENERATE_INFOPLIST_FILE = YES;
				INFOPLIST_FILE = News/Info.plist;
				INFOPLIST_KEY_UIApplicationSceneManifest_Generation = YES;
				INFOPLIST_KEY_UIApplicationSupportsIndirectInputEvents = YES;
				INFOPLIST_KEY_UILaunchScreen_Generation = YES;
				INFOPLIST_KEY_UISupportedInterfaceOrientations_iPad = "UIInterfaceOrientationPortrait UIInterfaceOrientationPortraitUpsideDown UIInterfaceOrientationLandscapeLeft UIInterfaceOrientationLandscapeRight";
				INFOPLIST_KEY_UISupportedInterfaceOrientations_iPhone = "UIInterfaceOrientationPortrait UIInterfaceOrientationLandscapeLeft UIInterfaceOrientationLandscapeRight";
				LD_RUNPATH_SEARCH_PATHS = (
					"$(inherited)",
					"@executable_path/Frameworks",
				);
				MARKETING_VERSION = 1.0;
				PRODUCT_BUNDLE_IDENTIFIER = com.bayindir.News;
				PRODUCT_NAME = "$(TARGET_NAME)";
				SWIFT_EMIT_LOC_STRINGS = YES;
				SWIFT_VERSION = 5.0;
				TARGETED_DEVICE_FAMILY = "1,2";
			};
			name = Release;
		};
		FA8005BF2B8A2E10003A1BDC /* Debug */ = {
			isa = XCBuildConfiguration;
			buildSettings = {
				ALWAYS_EMBED_SWIFT_STANDARD_LIBRARIES = YES;
				BUNDLE_LOADER = "$(TEST_HOST)";
				CODE_SIGN_STYLE = Automatic;
				CURRENT_PROJECT_VERSION = 1;
				DEVELOPMENT_TEAM = P8C3928J3Z;
				GENERATE_INFOPLIST_FILE = YES;
				IPHONEOS_DEPLOYMENT_TARGET = 17.0;
				MARKETING_VERSION = 1.0;
				PRODUCT_BUNDLE_IDENTIFIER = com.bayindir.NewsTests;
				PRODUCT_NAME = "$(TARGET_NAME)";
				SWIFT_EMIT_LOC_STRINGS = NO;
				SWIFT_VERSION = 5.0;
				TARGETED_DEVICE_FAMILY = "1,2";
				TEST_HOST = "$(BUILT_PRODUCTS_DIR)/News.app/$(BUNDLE_EXECUTABLE_FOLDER_PATH)/News";
			};
			name = Debug;
		};
		FA8005C02B8A2E10003A1BDC /* Release */ = {
			isa = XCBuildConfiguration;
			buildSettings = {
				ALWAYS_EMBED_SWIFT_STANDARD_LIBRARIES = YES;
				BUNDLE_LOADER = "$(TEST_HOST)";
				CODE_SIGN_STYLE = Automatic;
				CURRENT_PROJECT_VERSION = 1;
				DEVELOPMENT_TEAM = P8C3928J3Z;
				GENERATE_INFOPLIST_FILE = YES;
				IPHONEOS_DEPLOYMENT_TARGET = 17.0;
				MARKETING_VERSION = 1.0;
				PRODUCT_BUNDLE_IDENTIFIER = com.bayindir.NewsTests;
				PRODUCT_NAME = "$(TARGET_NAME)";
				SWIFT_EMIT_LOC_STRINGS = NO;
				SWIFT_VERSION = 5.0;
				TARGETED_DEVICE_FAMILY = "1,2";
				TEST_HOST = "$(BUILT_PRODUCTS_DIR)/News.app/$(BUNDLE_EXECUTABLE_FOLDER_PATH)/News";
			};
			name = Release;
		};
		FA8005C22B8A2E10003A1BDC /* Debug */ = {
			isa = XCBuildConfiguration;
			buildSettings = {
				ALWAYS_EMBED_SWIFT_STANDARD_LIBRARIES = YES;
				CODE_SIGN_STYLE = Automatic;
				CURRENT_PROJECT_VERSION = 1;
				DEVELOPMENT_TEAM = P8C3928J3Z;
				GENERATE_INFOPLIST_FILE = YES;
				MARKETING_VERSION = 1.0;
				PRODUCT_BUNDLE_IDENTIFIER = com.bayindir.NewsUITests;
				PRODUCT_NAME = "$(TARGET_NAME)";
				SWIFT_EMIT_LOC_STRINGS = NO;
				SWIFT_VERSION = 5.0;
				TARGETED_DEVICE_FAMILY = "1,2";
				TEST_TARGET_NAME = News;
			};
			name = Debug;
		};
		FA8005C32B8A2E10003A1BDC /* Release */ = {
			isa = XCBuildConfiguration;
			buildSettings = {
				ALWAYS_EMBED_SWIFT_STANDARD_LIBRARIES = YES;
				CODE_SIGN_STYLE = Automatic;
				CURRENT_PROJECT_VERSION = 1;
				DEVELOPMENT_TEAM = P8C3928J3Z;
				GENERATE_INFOPLIST_FILE = YES;
				MARKETING_VERSION = 1.0;
				PRODUCT_BUNDLE_IDENTIFIER = com.bayindir.NewsUITests;
				PRODUCT_NAME = "$(TARGET_NAME)";
				SWIFT_EMIT_LOC_STRINGS = NO;
				SWIFT_VERSION = 5.0;
				TARGETED_DEVICE_FAMILY = "1,2";
				TEST_TARGET_NAME = News;
			};
			name = Release;
		};
/* End XCBuildConfiguration section */

/* Begin XCConfigurationList section */
		FA8005922B8A2E0E003A1BDC /* Build configuration list for PBXProject "News" */ = {
			isa = XCConfigurationList;
			buildConfigurations = (
				FA8005B92B8A2E10003A1BDC /* Debug */,
				FA8005BA2B8A2E10003A1BDC /* Release */,
			);
			defaultConfigurationIsVisible = 0;
			defaultConfigurationName = Release;
		};
		FA8005BB2B8A2E10003A1BDC /* Build configuration list for PBXNativeTarget "News" */ = {
			isa = XCConfigurationList;
			buildConfigurations = (
				FA8005BC2B8A2E10003A1BDC /* Debug */,
				FA8005BD2B8A2E10003A1BDC /* Release */,
			);
			defaultConfigurationIsVisible = 0;
			defaultConfigurationName = Release;
		};
		FA8005BE2B8A2E10003A1BDC /* Build configuration list for PBXNativeTarget "NewsTests" */ = {
			isa = XCConfigurationList;
			buildConfigurations = (
				FA8005BF2B8A2E10003A1BDC /* Debug */,
				FA8005C02B8A2E10003A1BDC /* Release */,
			);
			defaultConfigurationIsVisible = 0;
			defaultConfigurationName = Release;
		};
		FA8005C12B8A2E10003A1BDC /* Build configuration list for PBXNativeTarget "NewsUITests" */ = {
			isa = XCConfigurationList;
			buildConfigurations = (
				FA8005C22B8A2E10003A1BDC /* Debug */,
				FA8005C32B8A2E10003A1BDC /* Release */,
			);
			defaultConfigurationIsVisible = 0;
			defaultConfigurationName = Release;
		};
/* End XCConfigurationList section */
	};
	rootObject = FA80058F2B8A2E0E003A1BDC /* Project object */;
}
